
Microsoft Visual Studio Solution File, Format Version 12.00
# Visual Studio Version 17
VisualStudioVersion = 17.2.32519.379
MinimumVisualStudioVersion = 10.0.40219.1
Project("{9A19103F-16F7-4668-BE54-9A1E7A4F7556}") = "Snake_And_ladder", "Snake_And_ladder\Snake_And_ladder.csproj", "{71A5EC24-A8B3-487F-BE6D-ACF711FF9FAC}"
EndProject
Project("{FAE04EC0-301F-11D3-BF4B-00C04F79EFBC}") = "snakeladder", "snakeladder\snakeladder.csproj", "{C0539DF5-21D2-4B6B-A364-44448CD0EF54}"
EndProject
Global
	GlobalSection(SolutionConfigurationPlatforms) = preSolution
		Debug|Any CPU = Debug|Any CPU
		Release|Any CPU = Release|Any CPU
	EndGlobalSection
	GlobalSection(ProjectConfigurationPlatforms) = postSolution
		{71A5EC24-A8B3-487F-BE6D-ACF711FF9FAC}.Debug|Any CPU.ActiveCfg = Debug|Any CPU
		{71A5EC24-A8B3-487F-BE6D-ACF711FF9FAC}.Debug|Any CPU.Build.0 = Debug|Any CPU
		{71A5EC24-A8B3-487F-BE6D-ACF711FF9FAC}.Release|Any CPU.ActiveCfg = Release|Any CPU
		{71A5EC24-A8B3-487F-BE6D-ACF711FF9FAC}.Release|Any CPU.Build.0 = Release|Any CPU
		{C0539DF5-21D2-4B6B-A364-44448CD0EF54}.Debug|Any CPU.ActiveCfg = Debug|Any CPU
		{C0539DF5-21D2-4B6B-A364-44448CD0EF54}.Debug|Any CPU.Build.0 = Debug|Any CPU
		{C0539DF5-21D2-4B6B-A364-44448CD0EF54}.Release|Any CPU.ActiveCfg = Release|Any CPU
		{C0539DF5-21D2-4B6B-A364-44448CD0EF54}.Release|Any CPU.Build.0 = Release|Any CPU
	EndGlobalSection
	GlobalSection(SolutionProperties) = preSolution
		HideSolutionNode = FALSE
	EndGlobalSection
	GlobalSection(ExtensibilityGlobals) = postSolution
		SolutionGuid = {BD2C8D04-D5C0-4B78-BB03-858BCB95C998}
	EndGlobalSection
EndGlobal
